// !$*UTF8*$!
{
	archiveVersion = 1;
	classes = {
	};
	objectVersion = 50;
	objects = {

/* Begin PBXBuildFile section */
		3DCFDD4428AE92CB00BBB512 /* AppDelegate.swift in Sources */ = {isa = PBXBuildFile; fileRef = 3DCFDD4328AE92CB00BBB512 /* AppDelegate.swift */; };
		3DCFDD4628AE92CB00BBB512 /* ViewController.swift in Sources */ = {isa = PBXBuildFile; fileRef = 3DCFDD4528AE92CB00BBB512 /* ViewController.swift */; };
		3DCFDD4928AE92CC00BBB512 /* Main.storyboard in Resources */ = {isa = PBXBuildFile; fileRef = 3DCFDD4728AE92CC00BBB512 /* Main.storyboard */; };
		3DCFDD4B28AE92DD00BBB512 /* Assets.xcassets in Resources */ = {isa = PBXBuildFile; fileRef = 3DCFDD4A28AE92DD00BBB512 /* Assets.xcassets */; };
		3DCFDD4E28AE92DD00BBB512 /* LaunchScreen.storyboard in Resources */ = {isa = PBXBuildFile; fileRef = 3DCFDD4C28AE92DD00BBB512 /* LaunchScreen.storyboard */; };
		3DCFDD5928AE92DD00BBB512 /* calculadoraTests.swift in Sources */ = {isa = PBXBuildFile; fileRef = 3DCFDD5828AE92DD00BBB512 /* calculadoraTests.swift */; };
		3DCFDD6428AE92DD00BBB512 /* calculadoraUITests.swift in Sources */ = {isa = PBXBuildFile; fileRef = 3DCFDD6328AE92DD00BBB512 /* calculadoraUITests.swift */; };
/* End PBXBuildFile section */

/* Begin PBXContainerItemProxy section */
		3DCFDD5528AE92DD00BBB512 /* PBXContainerItemProxy */ = {
			isa = PBXContainerItemProxy;
			containerPortal = 3DCFDD3828AE92CA00BBB512 /* Project object */;
			proxyType = 1;
			remoteGlobalIDString = 3DCFDD3F28AE92CA00BBB512;
			remoteInfo = calculadora;
		};
		3DCFDD6028AE92DD00BBB512 /* PBXContainerItemProxy */ = {
			isa = PBXContainerItemProxy;
			containerPortal = 3DCFDD3828AE92CA00BBB512 /* Project object */;
			proxyType = 1;
			remoteGlobalIDString = 3DCFDD3F28AE92CA00BBB512;
			remoteInfo = calculadora;
		};
/* End PBXContainerItemProxy section */

/* Begin PBXFileReference section */
		3DCFDD4028AE92CB00BBB512 /* calculadora.app */ = {isa = PBXFileReference; explicitFileType = wrapper.application; includeInIndex = 0; path = calculadora.app; sourceTree = BUILT_PRODUCTS_DIR; };
		3DCFDD4328AE92CB00BBB512 /* AppDelegate.swift */ = {isa = PBXFileReference; lastKnownFileType = sourcecode.swift; path = AppDelegate.swift; sourceTree = "<group>"; };
		3DCFDD4528AE92CB00BBB512 /* ViewController.swift */ = {isa = PBXFileReference; lastKnownFileType = sourcecode.swift; path = ViewController.swift; sourceTree = "<group>"; };
		3DCFDD4828AE92CC00BBB512 /* Base */ = {isa = PBXFileReference; lastKnownFileType = file.storyboard; name = Base; path = Base.lproj/Main.storyboard; sourceTree = "<group>"; };
		3DCFDD4A28AE92DD00BBB512 /* Assets.xcassets */ = {isa = PBXFileReference; lastKnownFileType = folder.assetcatalog; path = Assets.xcassets; sourceTree = "<group>"; };
		3DCFDD4D28AE92DD00BBB512 /* Base */ = {isa = PBXFileReference; lastKnownFileType = file.storyboard; name = Base; path = Base.lproj/LaunchScreen.storyboard; sourceTree = "<group>"; };
		3DCFDD4F28AE92DD00BBB512 /* Info.plist */ = {isa = PBXFileReference; lastKnownFileType = text.plist.xml; path = Info.plist; sourceTree = "<group>"; };
		3DCFDD5428AE92DD00BBB512 /* calculadoraTests.xctest */ = {isa = PBXFileReference; explicitFileType = wrapper.cfbundle; includeInIndex = 0; path = calculadoraTests.xctest; sourceTree = BUILT_PRODUCTS_DIR; };
		3DCFDD5828AE92DD00BBB512 /* calculadoraTests.swift */ = {isa = PBXFileReference; lastKnownFileType = sourcecode.swift; path = calculadoraTests.swift; sourceTree = "<group>"; };
		3DCFDD5A28AE92DD00BBB512 /* Info.plist */ = {isa = PBXFileReference; lastKnownFileType = text.plist.xml; path = Info.plist; sourceTree = "<group>"; };
		3DCFDD5F28AE92DD00BBB512 /* calculadoraUITests.xctest */ = {isa = PBXFileReference; explicitFileType = wrapper.cfbundle; includeInIndex = 0; path = calculadoraUITests.xctest; sourceTree = BUILT_PRODUCTS_DIR; };
		3DCFDD6328AE92DD00BBB512 /* calculadoraUITests.swift */ = {isa = PBXFileReference; lastKnownFileType = sourcecode.swift; path = calculadoraUITests.swift; sourceTree = "<group>"; };
		3DCFDD6528AE92DD00BBB512 /* Info.plist */ = {isa = PBXFileReference; lastKnownFileType = text.plist.xml; path = Info.plist; sourceTree = "<group>"; };
/* End PBXFileReference section */

/* Begin PBXFrameworksBuildPhase section */
		3DCFDD3D28AE92CA00BBB512 /* Frameworks */ = {
			isa = PBXFrameworksBuildPhase;
			buildActionMask = 2147483647;
			files = (
			);
			runOnlyForDeploymentPostprocessing = 0;
		};
		3DCFDD5128AE92DD00BBB512 /* Frameworks */ = {
			isa = PBXFrameworksBuildPhase;
			buildActionMask = 2147483647;
			files = (
			);
			runOnlyForDeploymentPostprocessing = 0;
		};
		3DCFDD5C28AE92DD00BBB512 /* Frameworks */ = {
			isa = PBXFrameworksBuildPhase;
			buildActionMask = 2147483647;
			files = (
			);
			runOnlyForDeploymentPostprocessing = 0;
		};
/* End PBXFrameworksBuildPhase section */

/* Begin PBXGroup section */
		3DCFDD3728AE92CA00BBB512 = {
			isa = PBXGroup;
			children = (
				3DCFDD4228AE92CB00BBB512 /* calculadora */,
				3DCFDD5728AE92DD00BBB512 /* calculadoraTests */,
				3DCFDD6228AE92DD00BBB512 /* calculadoraUITests */,
				3DCFDD4128AE92CB00BBB512 /* Products */,
			);
			sourceTree = "<group>";
		};
		3DCFDD4128AE92CB00BBB512 /* Products */ = {
			isa = PBXGroup;
			children = (
				3DCFDD4028AE92CB00BBB512 /* calculadora.app */,
				3DCFDD5428AE92DD00BBB512 /* calculadoraTests.xctest */,
				3DCFDD5F28AE92DD00BBB512 /* calculadoraUITests.xctest */,
			);
			name = Products;
			sourceTree = "<group>";
		};
		3DCFDD4228AE92CB00BBB512 /* calculadora */ = {
			isa = PBXGroup;
			children = (
				3DCFDD4328AE92CB00BBB512 /* AppDelegate.swift */,
				3DCFDD4528AE92CB00BBB512 /* ViewController.swift */,
				3DCFDD4728AE92CC00BBB512 /* Main.storyboard */,
				3DCFDD4A28AE92DD00BBB512 /* Assets.xcassets */,
				3DCFDD4C28AE92DD00BBB512 /* LaunchScreen.storyboard */,
				3DCFDD4F28AE92DD00BBB512 /* Info.plist */,
			);
			path = calculadora;
			sourceTree = "<group>";
		};
		3DCFDD5728AE92DD00BBB512 /* calculadoraTests */ = {
			isa = PBXGroup;
			children = (
				3DCFDD5828AE92DD00BBB512 /* calculadoraTests.swift */,
				3DCFDD5A28AE92DD00BBB512 /* Info.plist */,
			);
			path = calculadoraTests;
			sourceTree = "<group>";
		};
		3DCFDD6228AE92DD00BBB512 /* calculadoraUITests */ = {
			isa = PBXGroup;
			children = (
				3DCFDD6328AE92DD00BBB512 /* calculadoraUITests.swift */,
				3DCFDD6528AE92DD00BBB512 /* Info.plist */,
			);
			path = calculadoraUITests;
			sourceTree = "<group>";
		};
/* End PBXGroup section */

/* Begin PBXNativeTarget section */
		3DCFDD3F28AE92CA00BBB512 /* calculadora */ = {
			isa = PBXNativeTarget;
			buildConfigurationList = 3DCFDD6828AE92DD00BBB512 /* Build configuration list for PBXNativeTarget "calculadora" */;
			buildPhases = (
				3DCFDD3C28AE92CA00BBB512 /* Sources */,
				3DCFDD3D28AE92CA00BBB512 /* Frameworks */,
				3DCFDD3E28AE92CA00BBB512 /* Resources */,
			);
			buildRules = (
			);
			dependencies = (
			);
			name = calculadora;
			productName = calculadora;
			productReference = 3DCFDD4028AE92CB00BBB512 /* calculadora.app */;
			productType = "com.apple.product-type.application";
		};
		3DCFDD5328AE92DD00BBB512 /* calculadoraTests */ = {
			isa = PBXNativeTarget;
			buildConfigurationList = 3DCFDD6B28AE92DD00BBB512 /* Build configuration list for PBXNativeTarget "calculadoraTests" */;
			buildPhases = (
				3DCFDD5028AE92DD00BBB512 /* Sources */,
				3DCFDD5128AE92DD00BBB512 /* Frameworks */,
				3DCFDD5228AE92DD00BBB512 /* Resources */,
			);
			buildRules = (
			);
			dependencies = (
				3DCFDD5628AE92DD00BBB512 /* PBXTargetDependency */,
			);
			name = calculadoraTests;
			productName = calculadoraTests;
			productReference = 3DCFDD5428AE92DD00BBB512 /* calculadoraTests.xctest */;
			productType = "com.apple.product-type.bundle.unit-test";
		};
		3DCFDD5E28AE92DD00BBB512 /* calculadoraUITests */ = {
			isa = PBXNativeTarget;
			buildConfigurationList = 3DCFDD6E28AE92DD00BBB512 /* Build configuration list for PBXNativeTarget "calculadoraUITests" */;
			buildPhases = (
				3DCFDD5B28AE92DD00BBB512 /* Sources */,
				3DCFDD5C28AE92DD00BBB512 /* Frameworks */,
				3DCFDD5D28AE92DD00BBB512 /* Resources */,
			);
			buildRules = (
			);
			dependencies = (
				3DCFDD6128AE92DD00BBB512 /* PBXTargetDependency */,
			);
			name = calculadoraUITests;
			productName = calculadoraUITests;
			productReference = 3DCFDD5F28AE92DD00BBB512 /* calculadoraUITests.xctest */;
			productType = "com.apple.product-type.bundle.ui-testing";
		};
/* End PBXNativeTarget section */

/* Begin PBXProject section */
		3DCFDD3828AE92CA00BBB512 /* Project object */ = {
			isa = PBXProject;
			attributes = {
				LastSwiftUpdateCheck = 1030;
				LastUpgradeCheck = 1030;
				ORGANIZATIONNAME = Alumno;
				TargetAttributes = {
					3DCFDD3F28AE92CA00BBB512 = {
						CreatedOnToolsVersion = 10.3;
					};
					3DCFDD5328AE92DD00BBB512 = {
						CreatedOnToolsVersion = 10.3;
						TestTargetID = 3DCFDD3F28AE92CA00BBB512;
					};
					3DCFDD5E28AE92DD00BBB512 = {
						CreatedOnToolsVersion = 10.3;
						TestTargetID = 3DCFDD3F28AE92CA00BBB512;
					};
				};
			};
			buildConfigurationList = 3DCFDD3B28AE92CA00BBB512 /* Build configuration list for PBXProject "calculadora" */;
			compatibilityVersion = "Xcode 9.3";
			developmentRegion = en;
			hasScannedForEncodings = 0;
			knownRegions = (
				en,
				Base,
			);
			mainGroup = 3DCFDD3728AE92CA00BBB512;
			productRefGroup = 3DCFDD4128AE92CB00BBB512 /* Products */;
			projectDirPath = "";
			projectRoot = "";
			targets = (
				3DCFDD3F28AE92CA00BBB512 /* calculadora */,
				3DCFDD5328AE92DD00BBB512 /* calculadoraTests */,
				3DCFDD5E28AE92DD00BBB512 /* calculadoraUITests */,
			);
		};
/* End PBXProject section */

/* Begin PBXResourcesBuildPhase section */
		3DCFDD3E28AE92CA00BBB512 /* Resources */ = {
			isa = PBXResourcesBuildPhase;
			buildActionMask = 2147483647;
			files = (
				3DCFDD4E28AE92DD00BBB512 /* LaunchScreen.storyboard in Resources */,
				3DCFDD4B28AE92DD00BBB512 /* Assets.xcassets in Resources */,
				3DCFDD4928AE92CC00BBB512 /* Main.storyboard in Resources */,
			);
			runOnlyForDeploymentPostprocessing = 0;
		};
		3DCFDD5228AE92DD00BBB512 /* Resources */ = {
			isa = PBXResourcesBuildPhase;
			buildActionMask = 2147483647;
			files = (
			);
			runOnlyForDeploymentPostprocessing = 0;
		};
		3DCFDD5D28AE92DD00BBB512 /* Resources */ = {
			isa = PBXResourcesBuildPhase;
			buildActionMask = 2147483647;
			files = (
			);
			runOnlyForDeploymentPostprocessing = 0;
		};
/* End PBXResourcesBuildPhase section */

/* Begin PBXSourcesBuildPhase section */
		3DCFDD3C28AE92CA00BBB512 /* Sources */ = {
			isa = PBXSourcesBuildPhase;
			buildActionMask = 2147483647;
			files = (
				3DCFDD4628AE92CB00BBB512 /* ViewController.swift in Sources */,
				3DCFDD4428AE92CB00BBB512 /* AppDelegate.swift in Sources */,
			);
			runOnlyForDeploymentPostprocessing = 0;
		};
		3DCFDD5028AE92DD00BBB512 /* Sources */ = {
			isa = PBXSourcesBuildPhase;
			buildActionMask = 2147483647;
			files = (
				3DCFDD5928AE92DD00BBB512 /* calculadoraTests.swift in Sources */,
			);
			runOnlyForDeploymentPostprocessing = 0;
		};
		3DCFDD5B28AE92DD00BBB512 /* Sources */ = {
			isa = PBXSourcesBuildPhase;
			buildActionMask = 2147483647;
			files = (
				3DCFDD6428AE92DD00BBB512 /* calculadoraUITests.swift in Sources */,
			);
			runOnlyForDeploymentPostprocessing = 0;
		};
/* End PBXSourcesBuildPhase section */

/* Begin PBXTargetDependency section */
		3DCFDD5628AE92DD00BBB512 /* PBXTargetDependency */ = {
			isa = PBXTargetDependency;
			target = 3DCFDD3F28AE92CA00BBB512 /* calculadora */;
			targetProxy = 3DCFDD5528AE92DD00BBB512 /* PBXContainerItemProxy */;
		};
		3DCFDD6128AE92DD00BBB512 /* PBXTargetDependency */ = {
			isa = PBXTargetDependency;
			target = 3DCFDD3F28AE92CA00BBB512 /* calculadora */;
			targetProxy = 3DCFDD6028AE92DD00BBB512 /* PBXContainerItemProxy */;
		};
/* End PBXTargetDependency section */

/* Begin PBXVariantGroup section */
		3DCFDD4728AE92CC00BBB512 /* Main.storyboard */ = {
			isa = PBXVariantGroup;
			children = (
				3DCFDD4828AE92CC00BBB512 /* Base */,
			);
			name = Main.storyboard;
			sourceTree = "<group>";
		};
		3DCFDD4C28AE92DD00BBB512 /* LaunchScreen.storyboard */ = {
			isa = PBXVariantGroup;
			children = (
				3DCFDD4D28AE92DD00BBB512 /* Base */,
			);
			name = LaunchScreen.storyboard;
			sourceTree = "<group>";
		};
/* End PBXVariantGroup section */

/* Begin XCBuildConfiguration section */
		3DCFDD6628AE92DD00BBB512 /* Debug */ = {
			isa = XCBuildConfiguration;
			buildSettings = {
				ALWAYS_SEARCH_USER_PATHS = NO;
				CLANG_ANALYZER_NONNULL = YES;
				CLANG_ANALYZER_NUMBER_OBJECT_CONVERSION = YES_AGGRESSIVE;
				CLANG_CXX_LANGUAGE_STANDARD = "gnu++14";
				CLANG_CXX_LIBRARY = "libc++";
				CLANG_ENABLE_MODULES = YES;
				CLANG_ENABLE_OBJC_ARC = YES;
				CLANG_ENABLE_OBJC_WEAK = YES;
				CLANG_WARN_BLOCK_CAPTURE_AUTORELEASING = YES;
				CLANG_WARN_BOOL_CONVERSION = YES;
				CLANG_WARN_COMMA = YES;
				CLANG_WARN_CONSTANT_CONVERSION = YES;
				CLANG_WARN_DEPRECATED_OBJC_IMPLEMENTATIONS = YES;
				CLANG_WARN_DIRECT_OBJC_ISA_USAGE = YES_ERROR;
				CLANG_WARN_DOCUMENTATION_COMMENTS = YES;
				CLANG_WARN_EMPTY_BODY = YES;
				CLANG_WARN_ENUM_CONVERSION = YES;
				CLANG_WARN_INFINITE_RECURSION = YES;
				CLANG_WARN_INT_CONVERSION = YES;
				CLANG_WARN_NON_LITERAL_NULL_CONVERSION = YES;
				CLANG_WARN_OBJC_IMPLICIT_RETAIN_SELF = YES;
				CLANG_WARN_OBJC_LITERAL_CONVERSION = YES;
				CLANG_WARN_OBJC_ROOT_CLASS = YES_ERROR;
				CLANG_WARN_RANGE_LOOP_ANALYSIS = YES;
				CLANG_WARN_STRICT_PROTOTYPES = YES;
				CLANG_WARN_SUSPICIOUS_MOVE = YES;
				CLANG_WARN_UNGUARDED_AVAILABILITY = YES_AGGRESSIVE;
				CLANG_WARN_UNREACHABLE_CODE = YES;
				CLANG_WARN__DUPLICATE_METHOD_MATCH = YES;
				CODE_SIGN_IDENTITY = "iPhone Developer";
				COPY_PHASE_STRIP = NO;
				DEBUG_INFORMATION_FORMAT = dwarf;
				ENABLE_STRICT_OBJC_MSGSEND = YES;
				ENABLE_TESTABILITY = YES;
				GCC_C_LANGUAGE_STANDARD = gnu11;
				GCC_DYNAMIC_NO_PIC = NO;
				GCC_NO_COMMON_BLOCKS = YES;
				GCC_OPTIMIZATION_LEVEL = 0;
				GCC_PREPROCESSOR_DEFINITIONS = (
					"DEBUG=1",
					"$(inherited)",
				);
				GCC_WARN_64_TO_32_BIT_CONVERSION = YES;
				GCC_WARN_ABOUT_RETURN_TYPE = YES_ERROR;
				GCC_WARN_UNDECLARED_SELECTOR = YES;
				GCC_WARN_UNINITIALIZED_AUTOS = YES_AGGRESSIVE;
				GCC_WARN_UNUSED_FUNCTION = YES;
				GCC_WARN_UNUSED_VARIABLE = YES;
				IPHONEOS_DEPLOYMENT_TARGET = 12.4;
				MTL_ENABLE_DEBUG_INFO = INCLUDE_SOURCE;
				MTL_FAST_MATH = YES;
				ONLY_ACTIVE_ARCH = YES;
				SDKROOT = iphoneos;
				SWIFT_ACTIVE_COMPILATION_CONDITIONS = DEBUG;
				SWIFT_OPTIMIZATION_LEVEL = "-Onone";
			};
			name = Debug;
		};
		3DCFDD6728AE92DD00BBB512 /* Release */ = {
			isa = XCBuildConfiguration;
			buildSettings = {
				ALWAYS_SEARCH_USER_PATHS = NO;
				CLANG_ANALYZER_NONNULL = YES;
				CLANG_ANALYZER_NUMBER_OBJECT_CONVERSION = YES_AGGRESSIVE;
				CLANG_CXX_LANGUAGE_STANDARD = "gnu++14";
				CLANG_CXX_LIBRARY = "libc++";
				CLANG_ENABLE_MODULES = YES;
				CLANG_ENABLE_OBJC_ARC = YES;
				CLANG_ENABLE_OBJC_WEAK = YES;
				CLANG_WARN_BLOCK_CAPTURE_AUTORELEASING = YES;
				CLANG_WARN_BOOL_CONVERSION = YES;
				CLANG_WARN_COMMA = YES;
				CLANG_WARN_CONSTANT_CONVERSION = YES;
				CLANG_WARN_DEPRECATED_OBJC_IMPLEMENTATIONS = YES;
				CLANG_WARN_DIRECT_OBJC_ISA_USAGE = YES_ERROR;
				CLANG_WARN_DOCUMENTATION_COMMENTS = YES;
				CLANG_WARN_EMPTY_BODY = YES;
				CLANG_WARN_ENUM_CONVERSION = YES;
				CLANG_WARN_INFINITE_RECURSION = YES;
				CLANG_WARN_INT_CONVERSION = YES;
				CLANG_WARN_NON_LITERAL_NULL_CONVERSION = YES;
				CLANG_WARN_OBJC_IMPLICIT_RETAIN_SELF = YES;
				CLANG_WARN_OBJC_LITERAL_CONVERSION = YES;
				CLANG_WARN_OBJC_ROOT_CLASS = YES_ERROR;
				CLANG_WARN_RANGE_LOOP_ANALYSIS = YES;
				CLANG_WARN_STRICT_PROTOTYPES = YES;
				CLANG_WARN_SUSPICIOUS_MOVE = YES;
				CLANG_WARN_UNGUARDED_AVAILABILITY = YES_AGGRESSIVE;
				CLANG_WARN_UNREACHABLE_CODE = YES;
				CLANG_WARN__DUPLICATE_METHOD_MATCH = YES;
				CODE_SIGN_IDENTITY = "iPhone Developer";
				COPY_PHASE_STRIP = NO;
				DEBUG_INFORMATION_FORMAT = "dwarf-with-dsym";
				ENABLE_NS_ASSERTIONS = NO;
				ENABLE_STRICT_OBJC_MSGSEND = YES;
				GCC_C_LANGUAGE_STANDARD = gnu11;
				GCC_NO_COMMON_BLOCKS = YES;
				GCC_WARN_64_TO_32_BIT_CONVERSION = YES;
				GCC_WARN_ABOUT_RETURN_TYPE = YES_ERROR;
				GCC_WARN_UNDECLARED_SELECTOR = YES;
				GCC_WARN_UNINITIALIZED_AUTOS = YES_AGGRESSIVE;
				GCC_WARN_UNUSED_FUNCTION = YES;
				GCC_WARN_UNUSED_VARIABLE = YES;
				IPHONEOS_DEPLOYMENT_TARGET = 12.4;
				MTL_ENABLE_DEBUG_INFO = NO;
				MTL_FAST_MATH = YES;
				SDKROOT = iphoneos;
				SWIFT_COMPILATION_MODE = wholemodule;
				SWIFT_OPTIMIZATION_LEVEL = "-O";
				VALIDATE_PRODUCT = YES;
			};
			name = Release;
		};
		3DCFDD6928AE92DD00BBB512 /* Debug */ = {
			isa = XCBuildConfiguration;
			buildSettings = {
				ASSETCATALOG_COMPILER_APPICON_NAME = AppIcon;
				CODE_SIGN_STYLE = Automatic;
				INFOPLIST_FILE = calculadora/Info.plist;
				LD_RUNPATH_SEARCH_PATHS = (
					"$(inherited)",
					"@executable_path/Frameworks",
				);
				PRODUCT_BUNDLE_IDENTIFIER = edu.ulsa.calculadora;
				PRODUCT_NAME = "$(TARGET_NAME)";
				SWIFT_VERSION = 5.0;
				TARGETED_DEVICE_FAMILY = "1,2";
			};
			name = Debug;
		};
		3DCFDD6A28AE92DD00BBB512 /* Release */ = {
			isa = XCBuildConfiguration;
			buildSettings = {
				ASSETCATALOG_COMPILER_APPICON_NAME = AppIcon;
				CODE_SIGN_STYLE = Automatic;
				INFOPLIST_FILE = calculadora/Info.plist;
				LD_RUNPATH_SEARCH_PATHS = (
					"$(inherited)",
					"@executable_path/Frameworks",
				);
				PRODUCT_BUNDLE_IDENTIFIER = edu.ulsa.calculadora;
				PRODUCT_NAME = "$(TARGET_NAME)";
				SWIFT_VERSION = 5.0;
				TARGETED_DEVICE_FAMILY = "1,2";
			};
			name = Release;
		};
		3DCFDD6C28AE92DD00BBB512 /* Debug */ = {
			isa = XCBuildConfiguration;
			buildSettings = {
				ALWAYS_EMBED_SWIFT_STANDARD_LIBRARIES = YES;
				BUNDLE_LOADER = "$(TEST_HOST)";
				CODE_SIGN_STYLE = Automatic;
				INFOPLIST_FILE = calculadoraTests/Info.plist;
				LD_RUNPATH_SEARCH_PATHS = (
					"$(inherited)",
					"@executable_path/Frameworks",
					"@loader_path/Frameworks",
				);
				PRODUCT_BUNDLE_IDENTIFIER = edu.ulsa.calculadoraTests;
				PRODUCT_NAME = "$(TARGET_NAME)";
				SWIFT_VERSION = 5.0;
				TARGETED_DEVICE_FAMILY = "1,2";
				TEST_HOST = "$(BUILT_PRODUCTS_DIR)/calculadora.app/calculadora";
			};
			name = Debug;
		};
		3DCFDD6D28AE92DD00BBB512 /* Release */ = {
			isa = XCBuildConfiguration;
			buildSettings = {
				ALWAYS_EMBED_SWIFT_STANDARD_LIBRARIES = YES;
				BUNDLE_LOADER = "$(TEST_HOST)";
				CODE_SIGN_STYLE = Automatic;
				INFOPLIST_FILE = calculadoraTests/Info.plist;
				LD_RUNPATH_SEARCH_PATHS = (
					"$(inherited)",
					"@executable_path/Frameworks",
					"@loader_path/Frameworks",
				);
				PRODUCT_BUNDLE_IDENTIFIER = edu.ulsa.calculadoraTests;
				PRODUCT_NAME = "$(TARGET_NAME)";
				SWIFT_VERSION = 5.0;
				TARGETED_DEVICE_FAMILY = "1,2";
				TEST_HOST = "$(BUILT_PRODUCTS_DIR)/calculadora.app/calculadora";
			};
			name = Release;
		};
		3DCFDD6F28AE92DD00BBB512 /* Debug */ = {
			isa = XCBuildConfiguration;
			buildSettings = {
				ALWAYS_EMBED_SWIFT_STANDARD_LIBRARIES = YES;
				CODE_SIGN_STYLE = Automatic;
				INFOPLIST_FILE = calculadoraUITests/Info.plist;
				LD_RUNPATH_SEARCH_PATHS = (
					"$(inherited)",
					"@executable_path/Frameworks",
					"@loader_path/Frameworks",
				);
				PRODUCT_BUNDLE_IDENTIFIER = edu.ulsa.calculadoraUITests;
				PRODUCT_NAME = "$(TARGET_NAME)";
				SWIFT_VERSION = 5.0;
				TARGETED_DEVICE_FAMILY = "1,2";
				TEST_TARGET_NAME = calculadora;
			};
			name = Debug;
		};
		3DCFDD7028AE92DD00BBB512 /* Release */ = {
			isa = XCBuildConfiguration;
			buildSettings = {
				ALWAYS_EMBED_SWIFT_STANDARD_LIBRARIES = YES;
				CODE_SIGN_STYLE = Automatic;
				INFOPLIST_FILE = calculadoraUITests/Info.plist;
				LD_RUNPATH_SEARCH_PATHS = (
					"$(inherited)",
					"@executable_path/Frameworks",
					"@loader_path/Frameworks",
				);
				PRODUCT_BUNDLE_IDENTIFIER = edu.ulsa.calculadoraUITests;
				PRODUCT_NAME = "$(TARGET_NAME)";
				SWIFT_VERSION = 5.0;
				TARGETED_DEVICE_FAMILY = "1,2";
				TEST_TARGET_NAME = calculadora;
			};
			name = Release;
		};
/* End XCBuildConfiguration section */

/* Begin XCConfigurationList section */
		3DCFDD3B28AE92CA00BBB512 /* Build configuration list for PBXProject "calculadora" */ = {
			isa = XCConfigurationList;
			buildConfigurations = (
				3DCFDD6628AE92DD00BBB512 /* Debug */,
				3DCFDD6728AE92DD00BBB512 /* Release */,
			);
			defaultConfigurationIsVisible = 0;
			defaultConfigurationName = Release;
		};
		3DCFDD6828AE92DD00BBB512 /* Build configuration list for PBXNativeTarget "calculadora" */ = {
			isa = XCConfigurationList;
			buildConfigurations = (
				3DCFDD6928AE92DD00BBB512 /* Debug */,
				3DCFDD6A28AE92DD00BBB512 /* Release */,
			);
			defaultConfigurationIsVisible = 0;
			defaultConfigurationName = Release;
		};
		3DCFDD6B28AE92DD00BBB512 /* Build configuration list for PBXNativeTarget "calculadoraTests" */ = {
			isa = XCConfigurationList;
			buildConfigurations = (
				3DCFDD6C28AE92DD00BBB512 /* Debug */,
				3DCFDD6D28AE92DD00BBB512 /* Release */,
			);
			defaultConfigurationIsVisible = 0;
			defaultConfigurationName = Release;
		};
		3DCFDD6E28AE92DD00BBB512 /* Build configuration list for PBXNativeTarget "calculadoraUITests" */ = {
			isa = XCConfigurationList;
			buildConfigurations = (
				3DCFDD6F28AE92DD00BBB512 /* Debug */,
				3DCFDD7028AE92DD00BBB512 /* Release */,
			);
			defaultConfigurationIsVisible = 0;
			defaultConfigurationName = Release;
		};
/* End XCConfigurationList section */
	};
	rootObject = 3DCFDD3828AE92CA00BBB512 /* Project object */;
}
